lockfile_version: '1'
generated_at: '2026-05-24T16:46:00.129862+00:00'
apm_version: 0.14.2
dependencies:
- repo_url: _local/api-diff-authoring
  package_type: apm_package
  deployed_files:
  - .agents/skills/api-diff-authoring
  - .agents/skills/api-diff-testing
  - .cursor/rules/api-diff-authoring.mdc
  - .cursor/rules/api-diff-testing.mdc
  deployed_file_hashes:
    .cursor/rules/api-diff-authoring.mdc: sha256:a80e42fafafbc746550c7337e54dcb7e9e8a7827c32bbacb6bf015d37e478795
    .cursor/rules/api-diff-testing.mdc: sha256:c62eaefcc5df16bd43e0b79e1d79ebab2c2360b19127416b4112b0b471d5c38c
  source: local
  local_path: ./agent-packages/api-diff-authoring
