lockfile_version: '1'
generated_at: '2026-06-26T13:07:19.374196+00:00'
apm_version: 0.22.0
dependencies:
- repo_url: Netcracker/qubership-apihub-ddlapi
  name: ddlapi-using
  host: github.com
  resolved_commit: c6e3c37c28ef93728dc640404e57021f522602e2
  resolved_ref: feature/ddl
  version: 1.1.0
  virtual_path: agent-packages/ddlapi-using
  is_virtual: true
  package_type: apm_package
  deployed_files:
  - .agents/skills/ddlapi-using
  - .agents/skills/ddlapi-using/SKILL.md
  - .claude/rules/ddlapi-using.md
  - .claude/skills/ddlapi-using
  - .claude/skills/ddlapi-using/SKILL.md
  - .cursor/rules/ddlapi-using.mdc
  - .github/instructions/ddlapi-using.instructions.md
  deployed_file_hashes:
    .agents/skills/ddlapi-using/SKILL.md: sha256:10d3258b73ec7e83a064a430d14236b86e920d33e84d1ffcc9091f653685280f
    .claude/rules/ddlapi-using.md: sha256:6aaa86c79159406265060e4d0f3ce2d903f3e5a7054acfbaeba0f475e383d0b8
    .claude/skills/ddlapi-using/SKILL.md: sha256:10d3258b73ec7e83a064a430d14236b86e920d33e84d1ffcc9091f653685280f
    .cursor/rules/ddlapi-using.mdc: sha256:61d2af786a6623c3857ed87edd5cb3d212f0c6d18e98c9b71da843a3873cb27a
    .github/instructions/ddlapi-using.instructions.md: sha256:409de3eff5720d9a91fb2e867cde7bd2718b74f8bd1218cd70bfaff07d929856
  content_hash: sha256:1dfe34653091849ca05e21b22f6356124986a1b6fd4916623f296f57bada63aa
- repo_url: _local/api-diff-authoring
  name: api-diff-authoring
  version: 1.0.0
  package_type: apm_package
  deployed_files:
  - .agents/skills/api-diff-authoring
  - .agents/skills/api-diff-authoring/SKILL.md
  - .agents/skills/api-diff-testing
  - .agents/skills/api-diff-testing/SKILL.md
  - .claude/rules/api-diff-authoring.md
  - .claude/rules/api-diff-testing.md
  - .claude/skills/api-diff-authoring
  - .claude/skills/api-diff-authoring/SKILL.md
  - .claude/skills/api-diff-testing
  - .claude/skills/api-diff-testing/SKILL.md
  - .cursor/rules/api-diff-authoring.mdc
  - .cursor/rules/api-diff-testing.mdc
  - .github/instructions/api-diff-authoring.instructions.md
  - .github/instructions/api-diff-testing.instructions.md
  deployed_file_hashes:
    .agents/skills/api-diff-authoring/SKILL.md: sha256:540db8f9286bc310addba0cae1c9b8fc8e0a566c8b852157a287973d8b78a664
    .agents/skills/api-diff-testing/SKILL.md: sha256:533d73da2e88cb0711bab6024e816e61036824b9c3f1299704d0e1a7cc22e9b1
    .claude/rules/api-diff-authoring.md: sha256:f0a031e9d08130de429eb5b3e1cad5ad30b27003abd8dd36825e1212aee72783
    .claude/rules/api-diff-testing.md: sha256:481d71ff0d3ea2dd0f45b41d1d8977042b70a35b21cb8e533567ea00211656dd
    .claude/skills/api-diff-authoring/SKILL.md: sha256:540db8f9286bc310addba0cae1c9b8fc8e0a566c8b852157a287973d8b78a664
    .claude/skills/api-diff-testing/SKILL.md: sha256:533d73da2e88cb0711bab6024e816e61036824b9c3f1299704d0e1a7cc22e9b1
    .cursor/rules/api-diff-authoring.mdc: sha256:759c7932f57fdb385c253995c780e3a0f3183c88b73d8852ed004282125416f1
    .cursor/rules/api-diff-testing.mdc: sha256:c2cd60421fd06788d7ce051638941280e252a735e8189201ad940957463798d7
    .github/instructions/api-diff-authoring.instructions.md: sha256:131cbb7f5e3d7305ac351689df1991966e840e54f770af6ba48de8496688372a
    .github/instructions/api-diff-testing.instructions.md: sha256:3f83cfa32e59d0d7f427361c784e937b3de543e5a74e13db4fedf574f3907da2
  source: local
  local_path: ./agent-packages/api-diff-authoring
